
Microsoft Visual Studio Solution File, Format Version 12.00
# Visual Studio 2013
VisualStudioVersion = 12.0.31101.0
MinimumVisualStudioVersion = 10.0.40219.1
Project("{FAE04EC0-301F-11D3-BF4B-00C04F79EFBC}") = "PingOut", "PingOut\PingOut.csproj", "{0108FB9E-CE35-48CA-BD5D-F009503235D1}"
EndProject
Project("{2150E333-8FDC-42A3-9474-1A3956D46DE8}") = ".nuget", ".nuget", "{8E74B00C-A5E7-4454-A062-D53E4DBA4775}"
EndProject
Global
	GlobalSection(SolutionConfigurationPlatforms) = preSolution
		Debug|Any CPU = Debug|Any CPU
		Release|Any CPU = Release|Any CPU
	EndGlobalSection
	GlobalSection(ProjectConfigurationPlatforms) = postSolution
		{0108FB9E-CE35-48CA-BD5D-F009503235D1}.Debug|Any CPU.ActiveCfg = Debug|Any CPU
		{0108FB9E-CE35-48CA-BD5D-F009503235D1}.Debug|Any CPU.Build.0 = Debug|Any CPU
		{0108FB9E-CE35-48CA-BD5D-F009503235D1}.Release|Any CPU.ActiveCfg = Release|Any CPU
		{0108FB9E-CE35-48CA-BD5D-F009503235D1}.Release|Any CPU.Build.0 = Release|Any CPU
	EndGlobalSection
	GlobalSection(SolutionProperties) = preSolution
		HideSolutionNode = FALSE
	EndGlobalSection
EndGlobal
